
Microsoft Visual Studio Solution File, Format Version 12.00
# Visual Studio Version 16
VisualStudioVersion = 16.0.31624.102
MinimumVisualStudioVersion = 10.0.40219.1
Project("{FAE04EC0-301F-11D3-BF4B-00C04F79EFBC}") = "Fetching_Price_BetweenTwo-Range", "Fetching_Price_BetweenTwo-Range\Fetching_Price_BetweenTwo-Range.csproj", "{4DC4088D-E742-42B6-8F4D-4CAE8BFF0C1E}"
EndProject
Global
	GlobalSection(SolutionConfigurationPlatforms) = preSolution
		Debug|Any CPU = Debug|Any CPU
		Release|Any CPU = Release|Any CPU
	EndGlobalSection
	GlobalSection(ProjectConfigurationPlatforms) = postSolution
		{4DC4088D-E742-42B6-8F4D-4CAE8BFF0C1E}.Debug|Any CPU.ActiveCfg = Debug|Any CPU
		{4DC4088D-E742-42B6-8F4D-4CAE8BFF0C1E}.Debug|Any CPU.Build.0 = Debug|Any CPU
		{4DC4088D-E742-42B6-8F4D-4CAE8BFF0C1E}.Release|Any CPU.ActiveCfg = Release|Any CPU
		{4DC4088D-E742-42B6-8F4D-4CAE8BFF0C1E}.Release|Any CPU.Build.0 = Release|Any CPU
	EndGlobalSection
	GlobalSection(SolutionProperties) = preSolution
		HideSolutionNode = FALSE
	EndGlobalSection
	GlobalSection(ExtensibilityGlobals) = postSolution
		SolutionGuid = {25E3E04A-68D5-448D-B977-2CB4C1C5ACFD}
	EndGlobalSection
EndGlobal
